
Microsoft Visual Studio Solution File, Format Version 12.00
# Visual Studio Version 17
VisualStudioVersion = 17.9.34728.123
MinimumVisualStudioVersion = 10.0.40219.1
Project("{FAE04EC0-301F-11D3-BF4B-00C04F79EFBC}") = "MatrixLibrary", "MatrixLibrary.csproj", "{FD8DDBB7-E9EB-4142-868F-9ACD9813D55B}"
EndProject
Project("{FAE04EC0-301F-11D3-BF4B-00C04F79EFBC}") = "MatrixTest", "..\MatrixTest\MatrixTest.csproj", "{AA759E38-2F0B-423E-84B0-7D10F5B40630}"
EndProject
Global
	GlobalSection(SolutionConfigurationPlatforms) = preSolution
		Debug|Any CPU = Debug|Any CPU
		Release|Any CPU = Release|Any CPU
	EndGlobalSection
	GlobalSection(ProjectConfigurationPlatforms) = postSolution
		{FD8DDBB7-E9EB-4142-868F-9ACD9813D55B}.Debug|Any CPU.ActiveCfg = Debug|Any CPU
		{FD8DDBB7-E9EB-4142-868F-9ACD9813D55B}.Debug|Any CPU.Build.0 = Debug|Any CPU
		{FD8DDBB7-E9EB-4142-868F-9ACD9813D55B}.Release|Any CPU.ActiveCfg = Release|Any CPU
		{FD8DDBB7-E9EB-4142-868F-9ACD9813D55B}.Release|Any CPU.Build.0 = Release|Any CPU
		{AA759E38-2F0B-423E-84B0-7D10F5B40630}.Debug|Any CPU.ActiveCfg = Debug|Any CPU
		{AA759E38-2F0B-423E-84B0-7D10F5B40630}.Debug|Any CPU.Build.0 = Debug|Any CPU
		{AA759E38-2F0B-423E-84B0-7D10F5B40630}.Release|Any CPU.ActiveCfg = Release|Any CPU
		{AA759E38-2F0B-423E-84B0-7D10F5B40630}.Release|Any CPU.Build.0 = Release|Any CPU
	EndGlobalSection
	GlobalSection(SolutionProperties) = preSolution
		HideSolutionNode = FALSE
	EndGlobalSection
	GlobalSection(ExtensibilityGlobals) = postSolution
		SolutionGuid = {5900AF87-9C89-4D70-8DBE-F1FA2B5B5063}
	EndGlobalSection
EndGlobal
