
Microsoft Visual Studio Solution File, Format Version 12.00
# Visual Studio Version 17
VisualStudioVersion = 17.9.34728.123
MinimumVisualStudioVersion = 10.0.40219.1
Project("{FAE04EC0-301F-11D3-BF4B-00C04F79EFBC}") = "MatrixClientProject", "MatrixClientProject.csproj", "{EF7F9967-1A17-4D16-B6B0-B43887613B82}"
EndProject
Global
	GlobalSection(SolutionConfigurationPlatforms) = preSolution
		Debug|Any CPU = Debug|Any CPU
		Release|Any CPU = Release|Any CPU
	EndGlobalSection
	GlobalSection(ProjectConfigurationPlatforms) = postSolution
		{EF7F9967-1A17-4D16-B6B0-B43887613B82}.Debug|Any CPU.ActiveCfg = Debug|Any CPU
		{EF7F9967-1A17-4D16-B6B0-B43887613B82}.Debug|Any CPU.Build.0 = Debug|Any CPU
		{EF7F9967-1A17-4D16-B6B0-B43887613B82}.Release|Any CPU.ActiveCfg = Release|Any CPU
		{EF7F9967-1A17-4D16-B6B0-B43887613B82}.Release|Any CPU.Build.0 = Release|Any CPU
	EndGlobalSection
	GlobalSection(SolutionProperties) = preSolution
		HideSolutionNode = FALSE
	EndGlobalSection
	GlobalSection(ExtensibilityGlobals) = postSolution
		SolutionGuid = {D7F43A24-4D0A-4E9B-AFD0-2F771D5691CB}
	EndGlobalSection
EndGlobal
